
Microsoft Visual Studio Solution File, Format Version 12.00
# Visual Studio 2013
VisualStudioVersion = 12.0.21005.1
MinimumVisualStudioVersion = 10.0.40219.1
Project("{FAE04EC0-301F-11D3-BF4B-00C04F79EFBC}") = "AthleticsSocialWeb", "AthleticsSocialWeb\AthleticsSocialWeb.csproj", "{B5A1C779-52B3-4BB5-ACFD-506AAD7BE977}"
EndProject
Project("{FAE04EC0-301F-11D3-BF4B-00C04F79EFBC}") = "AthleticsSocialWeb.Tests", "AthleticsSocialWeb.Tests\AthleticsSocialWeb.Tests.csproj", "{758580B5-DB1F-4C8C-BA1A-9F55E7345896}"
EndProject
Project("{FAE04EC0-301F-11D3-BF4B-00C04F79EFBC}") = "AthleticsSocialWeb.DAL", "AthleticsSocialWeb.DAL\AthleticsSocialWeb.DAL.csproj", "{7D6D9545-DC3F-4371-98EE-CE6CEFD176DA}"
EndProject
Project("{FAE04EC0-301F-11D3-BF4B-00C04F79EFBC}") = "AthleticsSocialWeb.Core", "AthleticsSocialWeb.Core\AthleticsSocialWeb.Core.csproj", "{196F8EA3-D8E5-4608-8DB4-5C5DA2F347B9}"
EndProject
Project("{FAE04EC0-301F-11D3-BF4B-00C04F79EFBC}") = "AthleticsSocialWeb.Common", "AthleticsSocialWeb.Common\AthleticsSocialWeb.Common.csproj", "{A0592821-EFDE-44DE-8BA5-85621E1B9CD1}"
EndProject
Project("{FAE04EC0-301F-11D3-BF4B-00C04F79EFBC}") = "AthleticsSocialWeb.Common.Nlog", "AthleticsSocialWeb.Common.Nlog\AthleticsSocialWeb.Common.Nlog.csproj", "{F792ADEE-67C3-43A8-83E3-EFC85B81917E}"
EndProject
Project("{2150E333-8FDC-42A3-9474-1A3956D46DE8}") = "1. Common", "1. Common", "{C09A37AC-50B5-43F5-9792-5EEE6DC1A7D6}"
EndProject
Project("{FAE04EC0-301F-11D3-BF4B-00C04F79EFBC}") = "AthleticsSocialWeb.Common.Log4Net", "AthleticsSocialWeb.Common.Log4Net\AthleticsSocialWeb.Common.Log4Net.csproj", "{151EA2F3-A7C2-4305-B5E6-1F835D8E72A7}"
EndProject
Project("{FAE04EC0-301F-11D3-BF4B-00C04F79EFBC}") = "AthleticsSocialWeb.Repository", "AthleticsSocialWeb.Repository\AthleticsSocialWeb.Repository.csproj", "{7C45A75D-0F17-4E05-834E-13D7F265456F}"
EndProject
Project("{2150E333-8FDC-42A3-9474-1A3956D46DE8}") = "2. Business Logic", "2. Business Logic", "{9D11F3B4-FF63-4D84-95C5-D9412BEB744A}"
EndProject
Project("{2150E333-8FDC-42A3-9474-1A3956D46DE8}") = "3. Tests", "3. Tests", "{0CB7D702-62B8-40C2-A399-FCC7ACA609A4}"
EndProject
Global
	GlobalSection(SolutionConfigurationPlatforms) = preSolution
		Debug|Any CPU = Debug|Any CPU
		Release|Any CPU = Release|Any CPU
	EndGlobalSection
	GlobalSection(ProjectConfigurationPlatforms) = postSolution
		{B5A1C779-52B3-4BB5-ACFD-506AAD7BE977}.Debug|Any CPU.ActiveCfg = Debug|Any CPU
		{B5A1C779-52B3-4BB5-ACFD-506AAD7BE977}.Debug|Any CPU.Build.0 = Debug|Any CPU
		{B5A1C779-52B3-4BB5-ACFD-506AAD7BE977}.Release|Any CPU.ActiveCfg = Release|Any CPU
		{B5A1C779-52B3-4BB5-ACFD-506AAD7BE977}.Release|Any CPU.Build.0 = Release|Any CPU
		{758580B5-DB1F-4C8C-BA1A-9F55E7345896}.Debug|Any CPU.ActiveCfg = Debug|Any CPU
		{758580B5-DB1F-4C8C-BA1A-9F55E7345896}.Debug|Any CPU.Build.0 = Debug|Any CPU
		{758580B5-DB1F-4C8C-BA1A-9F55E7345896}.Release|Any CPU.ActiveCfg = Release|Any CPU
		{758580B5-DB1F-4C8C-BA1A-9F55E7345896}.Release|Any CPU.Build.0 = Release|Any CPU
		{7D6D9545-DC3F-4371-98EE-CE6CEFD176DA}.Debug|Any CPU.ActiveCfg = Debug|Any CPU
		{7D6D9545-DC3F-4371-98EE-CE6CEFD176DA}.Debug|Any CPU.Build.0 = Debug|Any CPU
		{7D6D9545-DC3F-4371-98EE-CE6CEFD176DA}.Release|Any CPU.ActiveCfg = Release|Any CPU
		{7D6D9545-DC3F-4371-98EE-CE6CEFD176DA}.Release|Any CPU.Build.0 = Release|Any CPU
		{196F8EA3-D8E5-4608-8DB4-5C5DA2F347B9}.Debug|Any CPU.ActiveCfg = Debug|Any CPU
		{196F8EA3-D8E5-4608-8DB4-5C5DA2F347B9}.Debug|Any CPU.Build.0 = Debug|Any CPU
		{196F8EA3-D8E5-4608-8DB4-5C5DA2F347B9}.Release|Any CPU.ActiveCfg = Release|Any CPU
		{196F8EA3-D8E5-4608-8DB4-5C5DA2F347B9}.Release|Any CPU.Build.0 = Release|Any CPU
		{A0592821-EFDE-44DE-8BA5-85621E1B9CD1}.Debug|Any CPU.ActiveCfg = Debug|Any CPU
		{A0592821-EFDE-44DE-8BA5-85621E1B9CD1}.Debug|Any CPU.Build.0 = Debug|Any CPU
		{A0592821-EFDE-44DE-8BA5-85621E1B9CD1}.Release|Any CPU.ActiveCfg = Release|Any CPU
		{A0592821-EFDE-44DE-8BA5-85621E1B9CD1}.Release|Any CPU.Build.0 = Release|Any CPU
		{F792ADEE-67C3-43A8-83E3-EFC85B81917E}.Debug|Any CPU.ActiveCfg = Debug|Any CPU
		{F792ADEE-67C3-43A8-83E3-EFC85B81917E}.Debug|Any CPU.Build.0 = Debug|Any CPU
		{F792ADEE-67C3-43A8-83E3-EFC85B81917E}.Release|Any CPU.ActiveCfg = Release|Any CPU
		{F792ADEE-67C3-43A8-83E3-EFC85B81917E}.Release|Any CPU.Build.0 = Release|Any CPU
		{151EA2F3-A7C2-4305-B5E6-1F835D8E72A7}.Debug|Any CPU.ActiveCfg = Debug|Any CPU
		{151EA2F3-A7C2-4305-B5E6-1F835D8E72A7}.Debug|Any CPU.Build.0 = Debug|Any CPU
		{151EA2F3-A7C2-4305-B5E6-1F835D8E72A7}.Release|Any CPU.ActiveCfg = Release|Any CPU
		{151EA2F3-A7C2-4305-B5E6-1F835D8E72A7}.Release|Any CPU.Build.0 = Release|Any CPU
		{7C45A75D-0F17-4E05-834E-13D7F265456F}.Debug|Any CPU.ActiveCfg = Debug|Any CPU
		{7C45A75D-0F17-4E05-834E-13D7F265456F}.Debug|Any CPU.Build.0 = Debug|Any CPU
		{7C45A75D-0F17-4E05-834E-13D7F265456F}.Release|Any CPU.ActiveCfg = Release|Any CPU
		{7C45A75D-0F17-4E05-834E-13D7F265456F}.Release|Any CPU.Build.0 = Release|Any CPU
	EndGlobalSection
	GlobalSection(SolutionProperties) = preSolution
		HideSolutionNode = FALSE
	EndGlobalSection
	GlobalSection(NestedProjects) = preSolution
		{A0592821-EFDE-44DE-8BA5-85621E1B9CD1} = {C09A37AC-50B5-43F5-9792-5EEE6DC1A7D6}
		{F792ADEE-67C3-43A8-83E3-EFC85B81917E} = {C09A37AC-50B5-43F5-9792-5EEE6DC1A7D6}
		{151EA2F3-A7C2-4305-B5E6-1F835D8E72A7} = {C09A37AC-50B5-43F5-9792-5EEE6DC1A7D6}
		{196F8EA3-D8E5-4608-8DB4-5C5DA2F347B9} = {9D11F3B4-FF63-4D84-95C5-D9412BEB744A}
		{7D6D9545-DC3F-4371-98EE-CE6CEFD176DA} = {9D11F3B4-FF63-4D84-95C5-D9412BEB744A}
		{7C45A75D-0F17-4E05-834E-13D7F265456F} = {9D11F3B4-FF63-4D84-95C5-D9412BEB744A}
		{758580B5-DB1F-4C8C-BA1A-9F55E7345896} = {0CB7D702-62B8-40C2-A399-FCC7ACA609A4}
	EndGlobalSection
EndGlobal
